# Generated by buf. DO NOT EDIT.
version: v1
deps:
  - remote: buf.build
    owner: bufbuild
    repository: buf
    commit: 80e5f8bdbbce46a8b55db286129599ea
    digest: shake256:344b811f3e916462fd074a1471af8433ead26062fcc97efc018cb1b19d77ea569ec7b227718bbec33eea2ad616a444c4aad3b8c892286991c3250f18b3da24bd
